{
  "name": "element-ui",
  "version": "1.4.13",
  "lockfileVersion": 1,
  "requires": true,
  "dependencies": {
    "element-theme-default": {
      "version": "1.4.13",
      "resolved": "https://registry.npmjs.org/element-theme-default/-/element-theme-default-1.4.13.tgz",
      "integrity": "sha512-aIUY1BoKAgtS8wMPu33a6XQ6s9xqQWNK3PQOAwn6ByYRI6z3PdVglPxYwia3UNMxhgm8Tivc7NJUfGfU807mkg=="
    }
  }
}
